{
  "name": "pyret.org",
  "version": "0.0.0",
  "lockfileVersion": 3,
  "requires": true,
  "packages": {
    "": {
      "name": "pyret.org",
      "version": "0.0.0",
      "license": "Apache-2.0",
      "dependencies": {
        "codemirror": "^5.x",
        "pyret-codemirror-mode": "file:../codemirror-mode",
        "pyret-embed": "file:../embed"
      }
    },
    "../codemirror-mode": {
      "name": "pyret-codemirror-mode",
      "version": "0.0.0",
      "license": "Apache-2.0",
      "dependencies": {
        "codemirror": "^5.x"
      }
    },
    "../embed": {
      "name": "pyret-embed",
      "version": "0.1.0",
      "license": "ISC",
      "dependencies": {
        "@zenfs/core": "^2.2.3",
        "buffer": "^6.0.3",
        "mustache": "^4.2.0",
        "path-browserify": "^1.0.1",
        "process": "^0.11.10",
        "ts-loader": "^9.5.2",
        "typescript": "^5.8.3",
        "webpack": "^5.99.9"
      },
      "devDependencies": {
        "code.pyret.org": "file:../code.pyret.org",
        "webpack-cli": "^6.0.1"
      }
    },
    "node_modules/codemirror": {
      "version": "5.65.19",
      "resolved": "https://registry.npmjs.org/codemirror/-/codemirror-5.65.19.tgz",
      "integrity": "sha512-+aFkvqhaAVr1gferNMuN8vkTSrWIFvzlMV9I2KBLCWS2WpZ2+UAkZjlMZmEuT+gcXTi6RrGQCkWq1/bDtGqhIA==",
      "license": "MIT"
    },
    "node_modules/pyret-codemirror-mode": {
      "resolved": "../codemirror-mode",
      "link": true
    },
    "node_modules/pyret-embed": {
      "resolved": "../embed",
      "link": true
    }
  }
}
